
Microsoft Visual Studio Solution File, Format Version 12.00
Project("{FAE04EC0-301F-11D3-BF4B-00C04F79EFBC}") = "kontur-hack2026", "kontur-hack2026\kontur-hack2026.csproj", "{94A11E14-09D8-40D5-A7E9-3DA9FD489130}"
EndProject
Project("{FAE04EC0-301F-11D3-BF4B-00C04F79EFBC}") = "kontur-hack2026.Tests", "kontur-hack2026.Tests\kontur-hack2026.Tests.csproj", "{4488FA4F-CF67-43F1-AE6E-F36705D5F384}"
EndProject
Global
	GlobalSection(SolutionConfigurationPlatforms) = preSolution
		Debug|Any CPU = Debug|Any CPU
		Release|Any CPU = Release|Any CPU
	EndGlobalSection
	GlobalSection(ProjectConfigurationPlatforms) = postSolution
		{94A11E14-09D8-40D5-A7E9-3DA9FD489130}.Debug|Any CPU.ActiveCfg = Debug|Any CPU
		{94A11E14-09D8-40D5-A7E9-3DA9FD489130}.Debug|Any CPU.Build.0 = Debug|Any CPU
		{94A11E14-09D8-40D5-A7E9-3DA9FD489130}.Release|Any CPU.ActiveCfg = Release|Any CPU
		{94A11E14-09D8-40D5-A7E9-3DA9FD489130}.Release|Any CPU.Build.0 = Release|Any CPU
		{4488FA4F-CF67-43F1-AE6E-F36705D5F384}.Debug|Any CPU.ActiveCfg = Debug|Any CPU
		{4488FA4F-CF67-43F1-AE6E-F36705D5F384}.Release|Any CPU.ActiveCfg = Release|Any CPU
		{4488FA4F-CF67-43F1-AE6E-F36705D5F384}.Release|Any CPU.Build.0 = Release|Any CPU
		{4488FA4F-CF67-43F1-AE6E-F36705D5F384}.Debug|Any CPU.Build.0 = Debug|Any CPU
	EndGlobalSection
EndGlobal
